// !$*UTF8*$!
{
	archiveVersion = 1;
	classes = {
	};
	objectVersion = 50;
	objects = {

/* Begin PBXBuildFile section */
		E593133722667971006B13D8 /* AppDelegate.swift in Sources */ = {isa = PBXBuildFile; fileRef = E593133622667971006B13D8 /* AppDelegate.swift */; };
		E593133922667972006B13D8 /* Assets.xcassets in Resources */ = {isa = PBXBuildFile; fileRef = E593133822667972006B13D8 /* Assets.xcassets */; };
		E593133C22667972006B13D8 /* MainMenu.xib in Resources */ = {isa = PBXBuildFile; fileRef = E593133A22667972006B13D8 /* MainMenu.xib */; };
		E593134522667A0D006B13D8 /* MMPathUtility.swift in Sources */ = {isa = PBXBuildFile; fileRef = E593134422667A0D006B13D8 /* MMPathUtility.swift */; };
		E5B6933A2268F99900A94ACA /* PreferencesWindowController.swift in Sources */ = {isa = PBXBuildFile; fileRef = E5B693392268F99900A94ACA /* PreferencesWindowController.swift */; };
		E5B6933C226A277A00A94ACA /* UserNotifications.framework in Frameworks */ = {isa = PBXBuildFile; fileRef = E5B6933B226A277A00A94ACA /* UserNotifications.framework */; };
		E5B6933E226A28C600A94ACA /* MMUserNotifications.swift in Sources */ = {isa = PBXBuildFile; fileRef = E5B6933D226A28C600A94ACA /* MMUserNotifications.swift */; };
/* End PBXBuildFile section */

/* Begin PBXFileReference section */
		E593133322667971006B13D8 /* FileLink.app */ = {isa = PBXFileReference; explicitFileType = wrapper.application; includeInIndex = 0; path = FileLink.app; sourceTree = BUILT_PRODUCTS_DIR; };
		E593133622667971006B13D8 /* AppDelegate.swift */ = {isa = PBXFileReference; lastKnownFileType = sourcecode.swift; path = AppDelegate.swift; sourceTree = "<group>"; };
		E593133822667972006B13D8 /* Assets.xcassets */ = {isa = PBXFileReference; lastKnownFileType = folder.assetcatalog; path = Assets.xcassets; sourceTree = "<group>"; };
		E593133B22667972006B13D8 /* Base */ = {isa = PBXFileReference; lastKnownFileType = file.xib; name = Base; path = Base.lproj/MainMenu.xib; sourceTree = "<group>"; };
		E593133D22667972006B13D8 /* Info.plist */ = {isa = PBXFileReference; lastKnownFileType = text.plist.xml; path = Info.plist; sourceTree = "<group>"; };
		E593133E22667972006B13D8 /* FileLink.entitlements */ = {isa = PBXFileReference; lastKnownFileType = text.plist.entitlements; path = FileLink.entitlements; sourceTree = "<group>"; };
		E593134422667A0D006B13D8 /* MMPathUtility.swift */ = {isa = PBXFileReference; lastKnownFileType = sourcecode.swift; path = MMPathUtility.swift; sourceTree = "<group>"; };
		E593134622667B38006B13D8 /* PreferencesWindow.xib */ = {isa = PBXFileReference; lastKnownFileType = file.xib; path = PreferencesWindow.xib; sourceTree = "<group>"; };
		E5B693192266905500A94ACA /* Sparkle.framework */ = {isa = PBXFileReference; lastKnownFileType = wrapper.framework; path = Sparkle.framework; sourceTree = "<group>"; };
		E5B693392268F99900A94ACA /* PreferencesWindowController.swift */ = {isa = PBXFileReference; lastKnownFileType = sourcecode.swift; path = PreferencesWindowController.swift; sourceTree = "<group>"; };
		E5B6933B226A277A00A94ACA /* UserNotifications.framework */ = {isa = PBXFileReference; lastKnownFileType = wrapper.framework; name = UserNotifications.framework; path = System/Library/Frameworks/UserNotifications.framework; sourceTree = SDKROOT; };
		E5B6933D226A28C600A94ACA /* MMUserNotifications.swift */ = {isa = PBXFileReference; lastKnownFileType = sourcecode.swift; path = MMUserNotifications.swift; sourceTree = "<group>"; };
/* End PBXFileReference section */

/* Begin PBXFrameworksBuildPhase section */
		E593133022667971006B13D8 /* Frameworks */ = {
			isa = PBXFrameworksBuildPhase;
			buildActionMask = 2147483647;
			files = (
				E5B6933C226A277A00A94ACA /* UserNotifications.framework in Frameworks */,
			);
			runOnlyForDeploymentPostprocessing = 0;
		};
/* End PBXFrameworksBuildPhase section */

/* Begin PBXGroup section */
		A0FCB37B1E41CCFAB7EC148D /* Frameworks */ = {
			isa = PBXGroup;
			children = (
				E5B6933B226A277A00A94ACA /* UserNotifications.framework */,
				E5B693192266905500A94ACA /* Sparkle.framework */,
			);
			name = Frameworks;
			sourceTree = "<group>";
		};
		E593132A22667971006B13D8 = {
			isa = PBXGroup;
			children = (
				E593133522667971006B13D8 /* FileLink */,
				E593133422667971006B13D8 /* Products */,
				A0FCB37B1E41CCFAB7EC148D /* Frameworks */,
			);
			sourceTree = "<group>";
		};
		E593133422667971006B13D8 /* Products */ = {
			isa = PBXGroup;
			children = (
				E593133322667971006B13D8 /* FileLink.app */,
			);
			name = Products;
			sourceTree = "<group>";
		};
		E593133522667971006B13D8 /* FileLink */ = {
			isa = PBXGroup;
			children = (
				E593133622667971006B13D8 /* AppDelegate.swift */,
				E5B6933D226A28C600A94ACA /* MMUserNotifications.swift */,
				E5B693392268F99900A94ACA /* PreferencesWindowController.swift */,
				E593134422667A0D006B13D8 /* MMPathUtility.swift */,
				E593133822667972006B13D8 /* Assets.xcassets */,
				E593133A22667972006B13D8 /* MainMenu.xib */,
				E593134622667B38006B13D8 /* PreferencesWindow.xib */,
				E593133D22667972006B13D8 /* Info.plist */,
				E593133E22667972006B13D8 /* FileLink.entitlements */,
			);
			path = FileLink;
			sourceTree = "<group>";
		};
/* End PBXGroup section */

/* Begin PBXNativeTarget section */
		E593133222667971006B13D8 /* FileLink */ = {
			isa = PBXNativeTarget;
			buildConfigurationList = E593134122667972006B13D8 /* Build configuration list for PBXNativeTarget "FileLink" */;
			buildPhases = (
				E593132F22667971006B13D8 /* Sources */,
				E593133022667971006B13D8 /* Frameworks */,
				E593133122667971006B13D8 /* Resources */,
			);
			buildRules = (
			);
			dependencies = (
			);
			name = FileLink;
			productName = FileLink;
			productReference = E593133322667971006B13D8 /* FileLink.app */;
			productType = "com.apple.product-type.application";
		};
/* End PBXNativeTarget section */

/* Begin PBXProject section */
		E593132B22667971006B13D8 /* Project object */ = {
			isa = PBXProject;
			attributes = {
				LastSwiftUpdateCheck = 1020;
				LastUpgradeCheck = 1020;
				ORGANIZATIONNAME = "Mark McDonald";
				TargetAttributes = {
					E593133222667971006B13D8 = {
						CreatedOnToolsVersion = 10.2;
						SystemCapabilities = {
							com.apple.HardenedRuntime = {
								enabled = 1;
							};
						};
					};
				};
			};
			buildConfigurationList = E593132E22667971006B13D8 /* Build configuration list for PBXProject "FileLink" */;
			compatibilityVersion = "Xcode 9.3";
			developmentRegion = en;
			hasScannedForEncodings = 0;
			knownRegions = (
				en,
				Base,
			);
			mainGroup = E593132A22667971006B13D8;
			productRefGroup = E593133422667971006B13D8 /* Products */;
			projectDirPath = "";
			projectRoot = "";
			targets = (
				E593133222667971006B13D8 /* FileLink */,
			);
		};
/* End PBXProject section */

/* Begin PBXResourcesBuildPhase section */
		E593133122667971006B13D8 /* Resources */ = {
			isa = PBXResourcesBuildPhase;
			buildActionMask = 2147483647;
			files = (
				E593133922667972006B13D8 /* Assets.xcassets in Resources */,
				E593133C22667972006B13D8 /* MainMenu.xib in Resources */,
			);
			runOnlyForDeploymentPostprocessing = 0;
		};
/* End PBXResourcesBuildPhase section */

/* Begin PBXSourcesBuildPhase section */
		E593132F22667971006B13D8 /* Sources */ = {
			isa = PBXSourcesBuildPhase;
			buildActionMask = 2147483647;
			files = (
				E593133722667971006B13D8 /* AppDelegate.swift in Sources */,
				E593134522667A0D006B13D8 /* MMPathUtility.swift in Sources */,
				E5B6933A2268F99900A94ACA /* PreferencesWindowController.swift in Sources */,
				E5B6933E226A28C600A94ACA /* MMUserNotifications.swift in Sources */,
			);
			runOnlyForDeploymentPostprocessing = 0;
		};
/* End PBXSourcesBuildPhase section */

/* Begin PBXVariantGroup section */
		E593133A22667972006B13D8 /* MainMenu.xib */ = {
			isa = PBXVariantGroup;
			children = (
				E593133B22667972006B13D8 /* Base */,
			);
			name = MainMenu.xib;
			sourceTree = "<group>";
		};
/* End PBXVariantGroup section */

/* Begin XCBuildConfiguration section */
		E593133F22667972006B13D8 /* Debug */ = {
			isa = XCBuildConfiguration;
			buildSettings = {
				ALWAYS_SEARCH_USER_PATHS = NO;
				CLANG_ANALYZER_NONNULL = YES;
				CLANG_ANALYZER_NUMBER_OBJECT_CONVERSION = YES_AGGRESSIVE;
				CLANG_CXX_LANGUAGE_STANDARD = "gnu++14";
				CLANG_CXX_LIBRARY = "libc++";
				CLANG_ENABLE_MODULES = YES;
				CLANG_ENABLE_OBJC_ARC = YES;
				CLANG_ENABLE_OBJC_WEAK = YES;
				CLANG_WARN_BLOCK_CAPTURE_AUTORELEASING = YES;
				CLANG_WARN_BOOL_CONVERSION = YES;
				CLANG_WARN_COMMA = YES;
				CLANG_WARN_CONSTANT_CONVERSION = YES;
				CLANG_WARN_DEPRECATED_OBJC_IMPLEMENTATIONS = YES;
				CLANG_WARN_DIRECT_OBJC_ISA_USAGE = YES_ERROR;
				CLANG_WARN_DOCUMENTATION_COMMENTS = YES;
				CLANG_WARN_EMPTY_BODY = YES;
				CLANG_WARN_ENUM_CONVERSION = YES;
				CLANG_WARN_INFINITE_RECURSION = YES;
				CLANG_WARN_INT_CONVERSION = YES;
				CLANG_WARN_NON_LITERAL_NULL_CONVERSION = YES;
				CLANG_WARN_OBJC_IMPLICIT_RETAIN_SELF = YES;
				CLANG_WARN_OBJC_LITERAL_CONVERSION = YES;
				CLANG_WARN_OBJC_ROOT_CLASS = YES_ERROR;
				CLANG_WARN_RANGE_LOOP_ANALYSIS = YES;
				CLANG_WARN_STRICT_PROTOTYPES = YES;
				CLANG_WARN_SUSPICIOUS_MOVE = YES;
				CLANG_WARN_UNGUARDED_AVAILABILITY = YES_AGGRESSIVE;
				CLANG_WARN_UNREACHABLE_CODE = YES;
				CLANG_WARN__DUPLICATE_METHOD_MATCH = YES;
				CODE_SIGN_IDENTITY = "Mac Developer";
				COPY_PHASE_STRIP = NO;
				DEBUG_INFORMATION_FORMAT = dwarf;
				ENABLE_STRICT_OBJC_MSGSEND = YES;
				ENABLE_TESTABILITY = YES;
				GCC_C_LANGUAGE_STANDARD = gnu11;
				GCC_DYNAMIC_NO_PIC = NO;
				GCC_NO_COMMON_BLOCKS = YES;
				GCC_OPTIMIZATION_LEVEL = 0;
				GCC_PREPROCESSOR_DEFINITIONS = (
					"DEBUG=1",
					"$(inherited)",
				);
				GCC_WARN_64_TO_32_BIT_CONVERSION = YES;
				GCC_WARN_ABOUT_RETURN_TYPE = YES_ERROR;
				GCC_WARN_UNDECLARED_SELECTOR = YES;
				GCC_WARN_UNINITIALIZED_AUTOS = YES_AGGRESSIVE;
				GCC_WARN_UNUSED_FUNCTION = YES;
				GCC_WARN_UNUSED_VARIABLE = YES;
				MACOSX_DEPLOYMENT_TARGET = 10.14;
				MTL_ENABLE_DEBUG_INFO = INCLUDE_SOURCE;
				MTL_FAST_MATH = YES;
				ONLY_ACTIVE_ARCH = YES;
				SDKROOT = macosx;
				SWIFT_ACTIVE_COMPILATION_CONDITIONS = DEBUG;
				SWIFT_OPTIMIZATION_LEVEL = "-Onone";
			};
			name = Debug;
		};
		E593134022667972006B13D8 /* Release */ = {
			isa = XCBuildConfiguration;
			buildSettings = {
				ALWAYS_SEARCH_USER_PATHS = NO;
				CLANG_ANALYZER_NONNULL = YES;
				CLANG_ANALYZER_NUMBER_OBJECT_CONVERSION = YES_AGGRESSIVE;
				CLANG_CXX_LANGUAGE_STANDARD = "gnu++14";
				CLANG_CXX_LIBRARY = "libc++";
				CLANG_ENABLE_MODULES = YES;
				CLANG_ENABLE_OBJC_ARC = YES;
				CLANG_ENABLE_OBJC_WEAK = YES;
				CLANG_WARN_BLOCK_CAPTURE_AUTORELEASING = YES;
				CLANG_WARN_BOOL_CONVERSION = YES;
				CLANG_WARN_COMMA = YES;
				CLANG_WARN_CONSTANT_CONVERSION = YES;
				CLANG_WARN_DEPRECATED_OBJC_IMPLEMENTATIONS = YES;
				CLANG_WARN_DIRECT_OBJC_ISA_USAGE = YES_ERROR;
				CLANG_WARN_DOCUMENTATION_COMMENTS = YES;
				CLANG_WARN_EMPTY_BODY = YES;
				CLANG_WARN_ENUM_CONVERSION = YES;
				CLANG_WARN_INFINITE_RECURSION = YES;
				CLANG_WARN_INT_CONVERSION = YES;
				CLANG_WARN_NON_LITERAL_NULL_CONVERSION = YES;
				CLANG_WARN_OBJC_IMPLICIT_RETAIN_SELF = YES;
				CLANG_WARN_OBJC_LITERAL_CONVERSION = YES;
				CLANG_WARN_OBJC_ROOT_CLASS = YES_ERROR;
				CLANG_WARN_RANGE_LOOP_ANALYSIS = YES;
				CLANG_WARN_STRICT_PROTOTYPES = YES;
				CLANG_WARN_SUSPICIOUS_MOVE = YES;
				CLANG_WARN_UNGUARDED_AVAILABILITY = YES_AGGRESSIVE;
				CLANG_WARN_UNREACHABLE_CODE = YES;
				CLANG_WARN__DUPLICATE_METHOD_MATCH = YES;
				CODE_SIGN_IDENTITY = "Mac Developer";
				COPY_PHASE_STRIP = NO;
				DEBUG_INFORMATION_FORMAT = "dwarf-with-dsym";
				ENABLE_NS_ASSERTIONS = NO;
				ENABLE_STRICT_OBJC_MSGSEND = YES;
				GCC_C_LANGUAGE_STANDARD = gnu11;
				GCC_NO_COMMON_BLOCKS = YES;
				GCC_WARN_64_TO_32_BIT_CONVERSION = YES;
				GCC_WARN_ABOUT_RETURN_TYPE = YES_ERROR;
				GCC_WARN_UNDECLARED_SELECTOR = YES;
				GCC_WARN_UNINITIALIZED_AUTOS = YES_AGGRESSIVE;
				GCC_WARN_UNUSED_FUNCTION = YES;
				GCC_WARN_UNUSED_VARIABLE = YES;
				MACOSX_DEPLOYMENT_TARGET = 10.14;
				MTL_ENABLE_DEBUG_INFO = NO;
				MTL_FAST_MATH = YES;
				SDKROOT = macosx;
				SWIFT_COMPILATION_MODE = wholemodule;
				SWIFT_OPTIMIZATION_LEVEL = "-O";
			};
			name = Release;
		};
		E593134222667972006B13D8 /* Debug */ = {
			isa = XCBuildConfiguration;
			buildSettings = {
				ASSETCATALOG_COMPILER_APPICON_NAME = AppIcon;
				CODE_SIGN_ENTITLEMENTS = FileLink/FileLink.entitlements;
				CODE_SIGN_IDENTITY = "Mac Developer";
				CODE_SIGN_STYLE = Automatic;
				COMBINE_HIDPI_IMAGES = YES;
				DEVELOPMENT_TEAM = 2R6EHR996B;
				ENABLE_HARDENED_RUNTIME = YES;
				FRAMEWORK_SEARCH_PATHS = (
					"$(inherited)",
					"$(PROJECT_DIR)",
				);
				INFOPLIST_FILE = FileLink/Info.plist;
				LD_RUNPATH_SEARCH_PATHS = (
					"$(inherited)",
					"@executable_path/../Frameworks",
					"@loader_path/../Frameworks",
				);
				PRODUCT_BUNDLE_IDENTIFIER = com.markleemcdonald.FileLink;
				PRODUCT_NAME = "$(TARGET_NAME)";
				PROVISIONING_PROFILE_SPECIFIER = "";
				SWIFT_VERSION = 5.0;
			};
			name = Debug;
		};
		E593134322667972006B13D8 /* Release */ = {
			isa = XCBuildConfiguration;
			buildSettings = {
				ASSETCATALOG_COMPILER_APPICON_NAME = AppIcon;
				CODE_SIGN_ENTITLEMENTS = FileLink/FileLink.entitlements;
				CODE_SIGN_IDENTITY = "Mac Developer";
				CODE_SIGN_STYLE = Automatic;
				COMBINE_HIDPI_IMAGES = YES;
				DEVELOPMENT_TEAM = 2R6EHR996B;
				ENABLE_HARDENED_RUNTIME = YES;
				FRAMEWORK_SEARCH_PATHS = (
					"$(inherited)",
					"$(PROJECT_DIR)",
				);
				INFOPLIST_FILE = FileLink/Info.plist;
				LD_RUNPATH_SEARCH_PATHS = (
					"$(inherited)",
					"@executable_path/../Frameworks",
					"@loader_path/../Frameworks",
				);
				PRODUCT_BUNDLE_IDENTIFIER = com.markleemcdonald.FileLink;
				PRODUCT_NAME = "$(TARGET_NAME)";
				PROVISIONING_PROFILE_SPECIFIER = "";
				SWIFT_VERSION = 5.0;
			};
			name = Release;
		};
/* End XCBuildConfiguration section */

/* Begin XCConfigurationList section */
		E593132E22667971006B13D8 /* Build configuration list for PBXProject "FileLink" */ = {
			isa = XCConfigurationList;
			buildConfigurations = (
				E593133F22667972006B13D8 /* Debug */,
				E593134022667972006B13D8 /* Release */,
			);
			defaultConfigurationIsVisible = 0;
			defaultConfigurationName = Release;
		};
		E593134122667972006B13D8 /* Build configuration list for PBXNativeTarget "FileLink" */ = {
			isa = XCConfigurationList;
			buildConfigurations = (
				E593134222667972006B13D8 /* Debug */,
				E593134322667972006B13D8 /* Release */,
			);
			defaultConfigurationIsVisible = 0;
			defaultConfigurationName = Release;
		};
/* End XCConfigurationList section */
	};
	rootObject = E593132B22667971006B13D8 /* Project object */;
}
